// !$*UTF8*$!
{
	archiveVersion = 1;
	classes = {
	};
	objectVersion = 48;
	objects = {

/* Begin PBXBuildFile section */
		864C0D87207C7C33005FD894 /* AppDelegate.swift in Sources */ = {isa = PBXBuildFile; fileRef = 864C0D86207C7C33005FD894 /* AppDelegate.swift */; };
		864C0D89207C7C33005FD894 /* ViewController.swift in Sources */ = {isa = PBXBuildFile; fileRef = 864C0D88207C7C33005FD894 /* ViewController.swift */; };
		864C0D8C207C7C33005FD894 /* Main.storyboard in Resources */ = {isa = PBXBuildFile; fileRef = 864C0D8A207C7C33005FD894 /* Main.storyboard */; };
		864C0D8E207C7C33005FD894 /* Assets.xcassets in Resources */ = {isa = PBXBuildFile; fileRef = 864C0D8D207C7C33005FD894 /* Assets.xcassets */; };
		864C0D91207C7C33005FD894 /* LaunchScreen.storyboard in Resources */ = {isa = PBXBuildFile; fileRef = 864C0D8F207C7C33005FD894 /* LaunchScreen.storyboard */; };
		864C0D9B207C7C54005FD894 /* UserNotificationsUI.framework in Frameworks */ = {isa = PBXBuildFile; fileRef = 864C0D99207C7C54005FD894 /* UserNotificationsUI.framework */; };
		864C0D9C207C7C54005FD894 /* UserNotifications.framework in Frameworks */ = {isa = PBXBuildFile; fileRef = 864C0D9A207C7C54005FD894 /* UserNotifications.framework */; };
/* End PBXBuildFile section */

/* Begin PBXFileReference section */
		864C0D83207C7C33005FD894 /* UNUsernotification.app */ = {isa = PBXFileReference; explicitFileType = wrapper.application; includeInIndex = 0; path = UNUsernotification.app; sourceTree = BUILT_PRODUCTS_DIR; };
		864C0D86207C7C33005FD894 /* AppDelegate.swift */ = {isa = PBXFileReference; lastKnownFileType = sourcecode.swift; path = AppDelegate.swift; sourceTree = "<group>"; };
		864C0D88207C7C33005FD894 /* ViewController.swift */ = {isa = PBXFileReference; lastKnownFileType = sourcecode.swift; path = ViewController.swift; sourceTree = "<group>"; };
		864C0D8B207C7C33005FD894 /* Base */ = {isa = PBXFileReference; lastKnownFileType = file.storyboard; name = Base; path = Base.lproj/Main.storyboard; sourceTree = "<group>"; };
		864C0D8D207C7C33005FD894 /* Assets.xcassets */ = {isa = PBXFileReference; lastKnownFileType = folder.assetcatalog; path = Assets.xcassets; sourceTree = "<group>"; };
		864C0D90207C7C33005FD894 /* Base */ = {isa = PBXFileReference; lastKnownFileType = file.storyboard; name = Base; path = Base.lproj/LaunchScreen.storyboard; sourceTree = "<group>"; };
		864C0D92207C7C33005FD894 /* Info.plist */ = {isa = PBXFileReference; lastKnownFileType = text.plist.xml; path = Info.plist; sourceTree = "<group>"; };
		864C0D99207C7C54005FD894 /* UserNotificationsUI.framework */ = {isa = PBXFileReference; lastKnownFileType = wrapper.framework; name = UserNotificationsUI.framework; path = System/Library/Frameworks/UserNotificationsUI.framework; sourceTree = SDKROOT; };
		864C0D9A207C7C54005FD894 /* UserNotifications.framework */ = {isa = PBXFileReference; lastKnownFileType = wrapper.framework; name = UserNotifications.framework; path = System/Library/Frameworks/UserNotifications.framework; sourceTree = SDKROOT; };
/* End PBXFileReference section */

/* Begin PBXFrameworksBuildPhase section */
		864C0D80207C7C33005FD894 /* Frameworks */ = {
			isa = PBXFrameworksBuildPhase;
			buildActionMask = 2147483647;
			files = (
				864C0D9B207C7C54005FD894 /* UserNotificationsUI.framework in Frameworks */,
				864C0D9C207C7C54005FD894 /* UserNotifications.framework in Frameworks */,
			);
			runOnlyForDeploymentPostprocessing = 0;
		};
/* End PBXFrameworksBuildPhase section */

/* Begin PBXGroup section */
		864C0D7A207C7C33005FD894 = {
			isa = PBXGroup;
			children = (
				864C0D85207C7C33005FD894 /* UNUsernotification */,
				864C0D84207C7C33005FD894 /* Products */,
				864C0D98207C7C54005FD894 /* Frameworks */,
			);
			sourceTree = "<group>";
		};
		864C0D84207C7C33005FD894 /* Products */ = {
			isa = PBXGroup;
			children = (
				864C0D83207C7C33005FD894 /* UNUsernotification.app */,
			);
			name = Products;
			sourceTree = "<group>";
		};
		864C0D85207C7C33005FD894 /* UNUsernotification */ = {
			isa = PBXGroup;
			children = (
				864C0D86207C7C33005FD894 /* AppDelegate.swift */,
				864C0D88207C7C33005FD894 /* ViewController.swift */,
				864C0D8A207C7C33005FD894 /* Main.storyboard */,
				864C0D8D207C7C33005FD894 /* Assets.xcassets */,
				864C0D8F207C7C33005FD894 /* LaunchScreen.storyboard */,
				864C0D92207C7C33005FD894 /* Info.plist */,
			);
			path = UNUsernotification;
			sourceTree = "<group>";
		};
		864C0D98207C7C54005FD894 /* Frameworks */ = {
			isa = PBXGroup;
			children = (
				864C0D9A207C7C54005FD894 /* UserNotifications.framework */,
				864C0D99207C7C54005FD894 /* UserNotificationsUI.framework */,
			);
			name = Frameworks;
			sourceTree = "<group>";
		};
/* End PBXGroup section */

/* Begin PBXNativeTarget section */
		864C0D82207C7C33005FD894 /* UNUsernotification */ = {
			isa = PBXNativeTarget;
			buildConfigurationList = 864C0D95207C7C33005FD894 /* Build configuration list for PBXNativeTarget "UNUsernotification" */;
			buildPhases = (
				864C0D7F207C7C33005FD894 /* Sources */,
				864C0D80207C7C33005FD894 /* Frameworks */,
				864C0D81207C7C33005FD894 /* Resources */,
			);
			buildRules = (
			);
			dependencies = (
			);
			name = UNUsernotification;
			productName = UNUsernotification;
			productReference = 864C0D83207C7C33005FD894 /* UNUsernotification.app */;
			productType = "com.apple.product-type.application";
		};
/* End PBXNativeTarget section */

/* Begin PBXProject section */
		864C0D7B207C7C33005FD894 /* Project object */ = {
			isa = PBXProject;
			attributes = {
				LastSwiftUpdateCheck = 0920;
				LastUpgradeCheck = 0920;
				ORGANIZATIONNAME = "Priya Scriptlanes";
				TargetAttributes = {
					864C0D82207C7C33005FD894 = {
						CreatedOnToolsVersion = 9.2;
						ProvisioningStyle = Automatic;
					};
				};
			};
			buildConfigurationList = 864C0D7E207C7C33005FD894 /* Build configuration list for PBXProject "UNUsernotification" */;
			compatibilityVersion = "Xcode 8.0";
			developmentRegion = en;
			hasScannedForEncodings = 0;
			knownRegions = (
				en,
				Base,
			);
			mainGroup = 864C0D7A207C7C33005FD894;
			productRefGroup = 864C0D84207C7C33005FD894 /* Products */;
			projectDirPath = "";
			projectRoot = "";
			targets = (
				864C0D82207C7C33005FD894 /* UNUsernotification */,
			);
		};
/* End PBXProject section */

/* Begin PBXResourcesBuildPhase section */
		864C0D81207C7C33005FD894 /* Resources */ = {
			isa = PBXResourcesBuildPhase;
			buildActionMask = 2147483647;
			files = (
				864C0D91207C7C33005FD894 /* LaunchScreen.storyboard in Resources */,
				864C0D8E207C7C33005FD894 /* Assets.xcassets in Resources */,
				864C0D8C207C7C33005FD894 /* Main.storyboard in Resources */,
			);
			runOnlyForDeploymentPostprocessing = 0;
		};
/* End PBXResourcesBuildPhase section */

/* Begin PBXSourcesBuildPhase section */
		864C0D7F207C7C33005FD894 /* Sources */ = {
			isa = PBXSourcesBuildPhase;
			buildActionMask = 2147483647;
			files = (
				864C0D89207C7C33005FD894 /* ViewController.swift in Sources */,
				864C0D87207C7C33005FD894 /* AppDelegate.swift in Sources */,
			);
			runOnlyForDeploymentPostprocessing = 0;
		};
/* End PBXSourcesBuildPhase section */

/* Begin PBXVariantGroup section */
		864C0D8A207C7C33005FD894 /* Main.storyboard */ = {
			isa = PBXVariantGroup;
			children = (
				864C0D8B207C7C33005FD894 /* Base */,
			);
			name = Main.storyboard;
			sourceTree = "<group>";
		};
		864C0D8F207C7C33005FD894 /* LaunchScreen.storyboard */ = {
			isa = PBXVariantGroup;
			children = (
				864C0D90207C7C33005FD894 /* Base */,
			);
			name = LaunchScreen.storyboard;
			sourceTree = "<group>";
		};
/* End PBXVariantGroup section */

/* Begin XCBuildConfiguration section */
		864C0D93207C7C33005FD894 /* Debug */ = {
			isa = XCBuildConfiguration;
			buildSettings = {
				ALWAYS_SEARCH_USER_PATHS = NO;
				CLANG_ANALYZER_NONNULL = YES;
				CLANG_ANALYZER_NUMBER_OBJECT_CONVERSION = YES_AGGRESSIVE;
				CLANG_CXX_LANGUAGE_STANDARD = "gnu++14";
				CLANG_CXX_LIBRARY = "libc++";
				CLANG_ENABLE_MODULES = YES;
				CLANG_ENABLE_OBJC_ARC = YES;
				CLANG_WARN_BLOCK_CAPTURE_AUTORELEASING = YES;
				CLANG_WARN_BOOL_CONVERSION = YES;
				CLANG_WARN_COMMA = YES;
				CLANG_WARN_CONSTANT_CONVERSION = YES;
				CLANG_WARN_DIRECT_OBJC_ISA_USAGE = YES_ERROR;
				CLANG_WARN_DOCUMENTATION_COMMENTS = YES;
				CLANG_WARN_EMPTY_BODY = YES;
				CLANG_WARN_ENUM_CONVERSION = YES;
				CLANG_WARN_INFINITE_RECURSION = YES;
				CLANG_WARN_INT_CONVERSION = YES;
				CLANG_WARN_NON_LITERAL_NULL_CONVERSION = YES;
				CLANG_WARN_OBJC_LITERAL_CONVERSION = YES;
				CLANG_WARN_OBJC_ROOT_CLASS = YES_ERROR;
				CLANG_WARN_RANGE_LOOP_ANALYSIS = YES;
				CLANG_WARN_STRICT_PROTOTYPES = YES;
				CLANG_WARN_SUSPICIOUS_MOVE = YES;
				CLANG_WARN_UNGUARDED_AVAILABILITY = YES_AGGRESSIVE;
				CLANG_WARN_UNREACHABLE_CODE = YES;
				CLANG_WARN__DUPLICATE_METHOD_MATCH = YES;
				CODE_SIGN_IDENTITY = "iPhone Developer";
				COPY_PHASE_STRIP = NO;
				DEBUG_INFORMATION_FORMAT = dwarf;
				ENABLE_STRICT_OBJC_MSGSEND = YES;
				ENABLE_TESTABILITY = YES;
				GCC_C_LANGUAGE_STANDARD = gnu11;
				GCC_DYNAMIC_NO_PIC = NO;
				GCC_NO_COMMON_BLOCKS = YES;
				GCC_OPTIMIZATION_LEVEL = 0;
				GCC_PREPROCESSOR_DEFINITIONS = (
					"DEBUG=1",
					"$(inherited)",
				);
				GCC_WARN_64_TO_32_BIT_CONVERSION = YES;
				GCC_WARN_ABOUT_RETURN_TYPE = YES_ERROR;
				GCC_WARN_UNDECLARED_SELECTOR = YES;
				GCC_WARN_UNINITIALIZED_AUTOS = YES_AGGRESSIVE;
				GCC_WARN_UNUSED_FUNCTION = YES;
				GCC_WARN_UNUSED_VARIABLE = YES;
				IPHONEOS_DEPLOYMENT_TARGET = 11.2;
				MTL_ENABLE_DEBUG_INFO = YES;
				ONLY_ACTIVE_ARCH = YES;
				SDKROOT = iphoneos;
				SWIFT_ACTIVE_COMPILATION_CONDITIONS = DEBUG;
				SWIFT_OPTIMIZATION_LEVEL = "-Onone";
			};
			name = Debug;
		};
		864C0D94207C7C33005FD894 /* Release */ = {
			isa = XCBuildConfiguration;
			buildSettings = {
				ALWAYS_SEARCH_USER_PATHS = NO;
				CLANG_ANALYZER_NONNULL = YES;
				CLANG_ANALYZER_NUMBER_OBJECT_CONVERSION = YES_AGGRESSIVE;
				CLANG_CXX_LANGUAGE_STANDARD = "gnu++14";
				CLANG_CXX_LIBRARY = "libc++";
				CLANG_ENABLE_MODULES = YES;
				CLANG_ENABLE_OBJC_ARC = YES;
				CLANG_WARN_BLOCK_CAPTURE_AUTORELEASING = YES;
				CLANG_WARN_BOOL_CONVERSION = YES;
				CLANG_WARN_COMMA = YES;
				CLANG_WARN_CONSTANT_CONVERSION = YES;
				CLANG_WARN_DIRECT_OBJC_ISA_USAGE = YES_ERROR;
				CLANG_WARN_DOCUMENTATION_COMMENTS = YES;
				CLANG_WARN_EMPTY_BODY = YES;
				CLANG_WARN_ENUM_CONVERSION = YES;
				CLANG_WARN_INFINITE_RECURSION = YES;
				CLANG_WARN_INT_CONVERSION = YES;
				CLANG_WARN_NON_LITERAL_NULL_CONVERSION = YES;
				CLANG_WARN_OBJC_LITERAL_CONVERSION = YES;
				CLANG_WARN_OBJC_ROOT_CLASS = YES_ERROR;
				CLANG_WARN_RANGE_LOOP_ANALYSIS = YES;
				CLANG_WARN_STRICT_PROTOTYPES = YES;
				CLANG_WARN_SUSPICIOUS_MOVE = YES;
				CLANG_WARN_UNGUARDED_AVAILABILITY = YES_AGGRESSIVE;
				CLANG_WARN_UNREACHABLE_CODE = YES;
				CLANG_WARN__DUPLICATE_METHOD_MATCH = YES;
				CODE_SIGN_IDENTITY = "iPhone Developer";
				COPY_PHASE_STRIP = NO;
				DEBUG_INFORMATION_FORMAT = "dwarf-with-dsym";
				ENABLE_NS_ASSERTIONS = NO;
				ENABLE_STRICT_OBJC_MSGSEND = YES;
				GCC_C_LANGUAGE_STANDARD = gnu11;
				GCC_NO_COMMON_BLOCKS = YES;
				GCC_WARN_64_TO_32_BIT_CONVERSION = YES;
				GCC_WARN_ABOUT_RETURN_TYPE = YES_ERROR;
				GCC_WARN_UNDECLARED_SELECTOR = YES;
				GCC_WARN_UNINITIALIZED_AUTOS = YES_AGGRESSIVE;
				GCC_WARN_UNUSED_FUNCTION = YES;
				GCC_WARN_UNUSED_VARIABLE = YES;
				IPHONEOS_DEPLOYMENT_TARGET = 11.2;
				MTL_ENABLE_DEBUG_INFO = NO;
				SDKROOT = iphoneos;
				SWIFT_OPTIMIZATION_LEVEL = "-Owholemodule";
				VALIDATE_PRODUCT = YES;
			};
			name = Release;
		};
		864C0D96207C7C33005FD894 /* Debug */ = {
			isa = XCBuildConfiguration;
			buildSettings = {
				ASSETCATALOG_COMPILER_APPICON_NAME = AppIcon;
				CODE_SIGN_STYLE = Automatic;
				DEVELOPMENT_TEAM = 2Z3HYQ6CDW;
				INFOPLIST_FILE = UNUsernotification/Info.plist;
				IPHONEOS_DEPLOYMENT_TARGET = 10.0;
				LD_RUNPATH_SEARCH_PATHS = "$(inherited) @executable_path/Frameworks";
				PRODUCT_BUNDLE_IDENTIFIER = com.sl.UNUsernotification;
				PRODUCT_NAME = "$(TARGET_NAME)";
				SWIFT_VERSION = 4.0;
				TARGETED_DEVICE_FAMILY = 1;
			};
			name = Debug;
		};
		864C0D97207C7C33005FD894 /* Release */ = {
			isa = XCBuildConfiguration;
			buildSettings = {
				ASSETCATALOG_COMPILER_APPICON_NAME = AppIcon;
				CODE_SIGN_STYLE = Automatic;
				DEVELOPMENT_TEAM = 2Z3HYQ6CDW;
				INFOPLIST_FILE = UNUsernotification/Info.plist;
				IPHONEOS_DEPLOYMENT_TARGET = 10.0;
				LD_RUNPATH_SEARCH_PATHS = "$(inherited) @executable_path/Frameworks";
				PRODUCT_BUNDLE_IDENTIFIER = com.sl.UNUsernotification;
				PRODUCT_NAME = "$(TARGET_NAME)";
				SWIFT_VERSION = 4.0;
				TARGETED_DEVICE_FAMILY = 1;
			};
			name = Release;
		};
/* End XCBuildConfiguration section */

/* Begin XCConfigurationList section */
		864C0D7E207C7C33005FD894 /* Build configuration list for PBXProject "UNUsernotification" */ = {
			isa = XCConfigurationList;
			buildConfigurations = (
				864C0D93207C7C33005FD894 /* Debug */,
				864C0D94207C7C33005FD894 /* Release */,
			);
			defaultConfigurationIsVisible = 0;
			defaultConfigurationName = Release;
		};
		864C0D95207C7C33005FD894 /* Build configuration list for PBXNativeTarget "UNUsernotification" */ = {
			isa = XCConfigurationList;
			buildConfigurations = (
				864C0D96207C7C33005FD894 /* Debug */,
				864C0D97207C7C33005FD894 /* Release */,
			);
			defaultConfigurationIsVisible = 0;
			defaultConfigurationName = Release;
		};
/* End XCConfigurationList section */
	};
	rootObject = 864C0D7B207C7C33005FD894 /* Project object */;
}
